// !$*UTF8*$!
{
	archiveVersion = 1;
	classes = {
	};
	objectVersion = 46;
	objects = {

/* Begin PBXBuildFile section */
		6BA2F61D1DCF957700808C31 /* AppDelegate.swift in Sources */ = {isa = PBXBuildFile; fileRef = 6BA2F61C1DCF957700808C31 /* AppDelegate.swift */; };
		6BA2F61F1DCF957700808C31 /* ViewController.swift in Sources */ = {isa = PBXBuildFile; fileRef = 6BA2F61E1DCF957700808C31 /* ViewController.swift */; };
		6BA2F6221DCF957700808C31 /* Main.storyboard in Resources */ = {isa = PBXBuildFile; fileRef = 6BA2F6201DCF957700808C31 /* Main.storyboard */; };
		6BA2F6241DCF957700808C31 /* Assets.xcassets in Resources */ = {isa = PBXBuildFile; fileRef = 6BA2F6231DCF957700808C31 /* Assets.xcassets */; };
		6BA2F6271DCF957800808C31 /* LaunchScreen.storyboard in Resources */ = {isa = PBXBuildFile; fileRef = 6BA2F6251DCF957800808C31 /* LaunchScreen.storyboard */; };
		6BA2F6321DCF957800808C31 /* BoutTimeGameTests.swift in Sources */ = {isa = PBXBuildFile; fileRef = 6BA2F6311DCF957800808C31 /* BoutTimeGameTests.swift */; };
		6BA2F63D1DCF957800808C31 /* BoutTimeGameUITests.swift in Sources */ = {isa = PBXBuildFile; fileRef = 6BA2F63C1DCF957800808C31 /* BoutTimeGameUITests.swift */; };
		6BA2F64B1DD019ED00808C31 /* BoutTimeModel.swift in Sources */ = {isa = PBXBuildFile; fileRef = 6BA2F64A1DD019ED00808C31 /* BoutTimeModel.swift */; };
		6BA2F64D1DD01A1E00808C31 /* HistoricalEvent.swift in Sources */ = {isa = PBXBuildFile; fileRef = 6BA2F64C1DD01A1E00808C31 /* HistoricalEvent.swift */; };
		6BA2F64F1DD01A5600808C31 /* ArrayExtensions.swift in Sources */ = {isa = PBXBuildFile; fileRef = 6BA2F64E1DD01A5600808C31 /* ArrayExtensions.swift */; };
		6BA2F6511DD0233800808C31 /* TMRGBA.swift in Sources */ = {isa = PBXBuildFile; fileRef = 6BA2F6501DD0233800808C31 /* TMRGBA.swift */; };
		6BA2F6531DD032E800808C31 /* WebViewController.swift in Sources */ = {isa = PBXBuildFile; fileRef = 6BA2F6521DD032E800808C31 /* WebViewController.swift */; };
		6BA2F6551DD035B300808C31 /* ScoreViewController.swift in Sources */ = {isa = PBXBuildFile; fileRef = 6BA2F6541DD035B300808C31 /* ScoreViewController.swift */; };
		6BA2F6571DD3C29A00808C31 /* HistoricalEvents.plist in Resources */ = {isa = PBXBuildFile; fileRef = 6BA2F6561DD3C29A00808C31 /* HistoricalEvents.plist */; };
		6BA2F6591DD4CFFB00808C31 /* DictionaryEncodableDecodable.swift in Sources */ = {isa = PBXBuildFile; fileRef = 6BA2F6581DD4CFFB00808C31 /* DictionaryEncodableDecodable.swift */; };
		6BA2F6601DD4D54300808C31 /* Correct.wav in Resources */ = {isa = PBXBuildFile; fileRef = 6BA2F65C1DD4D54300808C31 /* Correct.wav */; };
		6BA2F6611DD4D54300808C31 /* Incorrect.wav in Resources */ = {isa = PBXBuildFile; fileRef = 6BA2F65D1DD4D54300808C31 /* Incorrect.wav */; };
		6BA2F6621DD4D54300808C31 /* GameSound.wav in Resources */ = {isa = PBXBuildFile; fileRef = 6BA2F65E1DD4D54300808C31 /* GameSound.wav */; };
		6BA2F6631DD4D54300808C31 /* QuizOver.wav in Resources */ = {isa = PBXBuildFile; fileRef = 6BA2F65F1DD4D54300808C31 /* QuizOver.wav */; };
		6BA2F6651DD4FFA900808C31 /* TimerHelper.swift in Sources */ = {isa = PBXBuildFile; fileRef = 6BA2F6641DD4FFA900808C31 /* TimerHelper.swift */; };
/* End PBXBuildFile section */

/* Begin PBXContainerItemProxy section */
		6BA2F62E1DCF957800808C31 /* PBXContainerItemProxy */ = {
			isa = PBXContainerItemProxy;
			containerPortal = 6BA2F6111DCF957700808C31 /* Project object */;
			proxyType = 1;
			remoteGlobalIDString = 6BA2F6181DCF957700808C31;
			remoteInfo = BoutTimeGame;
		};
		6BA2F6391DCF957800808C31 /* PBXContainerItemProxy */ = {
			isa = PBXContainerItemProxy;
			containerPortal = 6BA2F6111DCF957700808C31 /* Project object */;
			proxyType = 1;
			remoteGlobalIDString = 6BA2F6181DCF957700808C31;
			remoteInfo = BoutTimeGame;
		};
/* End PBXContainerItemProxy section */

/* Begin PBXFileReference section */
		6BA2F6191DCF957700808C31 /* BoutTimeGame.app */ = {isa = PBXFileReference; explicitFileType = wrapper.application; includeInIndex = 0; path = BoutTimeGame.app; sourceTree = BUILT_PRODUCTS_DIR; };
		6BA2F61C1DCF957700808C31 /* AppDelegate.swift */ = {isa = PBXFileReference; lastKnownFileType = sourcecode.swift; path = AppDelegate.swift; sourceTree = "<group>"; };
		6BA2F61E1DCF957700808C31 /* ViewController.swift */ = {isa = PBXFileReference; lastKnownFileType = sourcecode.swift; path = ViewController.swift; sourceTree = "<group>"; };
		6BA2F6211DCF957700808C31 /* Base */ = {isa = PBXFileReference; lastKnownFileType = file.storyboard; name = Base; path = Base.lproj/Main.storyboard; sourceTree = "<group>"; };
		6BA2F6231DCF957700808C31 /* Assets.xcassets */ = {isa = PBXFileReference; lastKnownFileType = folder.assetcatalog; path = Assets.xcassets; sourceTree = "<group>"; };
		6BA2F6261DCF957800808C31 /* Base */ = {isa = PBXFileReference; lastKnownFileType = file.storyboard; name = Base; path = Base.lproj/LaunchScreen.storyboard; sourceTree = "<group>"; };
		6BA2F6281DCF957800808C31 /* Info.plist */ = {isa = PBXFileReference; lastKnownFileType = text.plist.xml; path = Info.plist; sourceTree = "<group>"; };
		6BA2F62D1DCF957800808C31 /* BoutTimeGameTests.xctest */ = {isa = PBXFileReference; explicitFileType = wrapper.cfbundle; includeInIndex = 0; path = BoutTimeGameTests.xctest; sourceTree = BUILT_PRODUCTS_DIR; };
		6BA2F6311DCF957800808C31 /* BoutTimeGameTests.swift */ = {isa = PBXFileReference; lastKnownFileType = sourcecode.swift; path = BoutTimeGameTests.swift; sourceTree = "<group>"; };
		6BA2F6331DCF957800808C31 /* Info.plist */ = {isa = PBXFileReference; lastKnownFileType = text.plist.xml; path = Info.plist; sourceTree = "<group>"; };
		6BA2F6381DCF957800808C31 /* BoutTimeGameUITests.xctest */ = {isa = PBXFileReference; explicitFileType = wrapper.cfbundle; includeInIndex = 0; path = BoutTimeGameUITests.xctest; sourceTree = BUILT_PRODUCTS_DIR; };
		6BA2F63C1DCF957800808C31 /* BoutTimeGameUITests.swift */ = {isa = PBXFileReference; lastKnownFileType = sourcecode.swift; path = BoutTimeGameUITests.swift; sourceTree = "<group>"; };
		6BA2F63E1DCF957800808C31 /* Info.plist */ = {isa = PBXFileReference; lastKnownFileType = text.plist.xml; path = Info.plist; sourceTree = "<group>"; };
		6BA2F64A1DD019ED00808C31 /* BoutTimeModel.swift */ = {isa = PBXFileReference; fileEncoding = 4; lastKnownFileType = sourcecode.swift; path = BoutTimeModel.swift; sourceTree = "<group>"; };
		6BA2F64C1DD01A1E00808C31 /* HistoricalEvent.swift */ = {isa = PBXFileReference; fileEncoding = 4; lastKnownFileType = sourcecode.swift; path = HistoricalEvent.swift; sourceTree = "<group>"; };
		6BA2F64E1DD01A5600808C31 /* ArrayExtensions.swift */ = {isa = PBXFileReference; fileEncoding = 4; lastKnownFileType = sourcecode.swift; path = ArrayExtensions.swift; sourceTree = "<group>"; };
		6BA2F6501DD0233800808C31 /* TMRGBA.swift */ = {isa = PBXFileReference; fileEncoding = 4; lastKnownFileType = sourcecode.swift; path = TMRGBA.swift; sourceTree = "<group>"; };
		6BA2F6521DD032E800808C31 /* WebViewController.swift */ = {isa = PBXFileReference; fileEncoding = 4; lastKnownFileType = sourcecode.swift; path = WebViewController.swift; sourceTree = "<group>"; };
		6BA2F6541DD035B300808C31 /* ScoreViewController.swift */ = {isa = PBXFileReference; fileEncoding = 4; lastKnownFileType = sourcecode.swift; path = ScoreViewController.swift; sourceTree = "<group>"; };
		6BA2F6561DD3C29A00808C31 /* HistoricalEvents.plist */ = {isa = PBXFileReference; fileEncoding = 4; lastKnownFileType = text.plist.xml; path = HistoricalEvents.plist; sourceTree = "<group>"; };
		6BA2F6581DD4CFFB00808C31 /* DictionaryEncodableDecodable.swift */ = {isa = PBXFileReference; fileEncoding = 4; lastKnownFileType = sourcecode.swift; path = DictionaryEncodableDecodable.swift; sourceTree = "<group>"; };
		6BA2F65C1DD4D54300808C31 /* Correct.wav */ = {isa = PBXFileReference; lastKnownFileType = audio.wav; path = Correct.wav; sourceTree = "<group>"; };
		6BA2F65D1DD4D54300808C31 /* Incorrect.wav */ = {isa = PBXFileReference; lastKnownFileType = audio.wav; path = Incorrect.wav; sourceTree = "<group>"; };
		6BA2F65E1DD4D54300808C31 /* GameSound.wav */ = {isa = PBXFileReference; lastKnownFileType = audio.wav; path = GameSound.wav; sourceTree = "<group>"; };
		6BA2F65F1DD4D54300808C31 /* QuizOver.wav */ = {isa = PBXFileReference; lastKnownFileType = audio.wav; path = QuizOver.wav; sourceTree = "<group>"; };
		6BA2F6641DD4FFA900808C31 /* TimerHelper.swift */ = {isa = PBXFileReference; fileEncoding = 4; lastKnownFileType = sourcecode.swift; path = TimerHelper.swift; sourceTree = "<group>"; };
/* End PBXFileReference section */

/* Begin PBXFrameworksBuildPhase section */
		6BA2F6161DCF957700808C31 /* Frameworks */ = {
			isa = PBXFrameworksBuildPhase;
			buildActionMask = 2147483647;
			files = (
			);
			runOnlyForDeploymentPostprocessing = 0;
		};
		6BA2F62A1DCF957800808C31 /* Frameworks */ = {
			isa = PBXFrameworksBuildPhase;
			buildActionMask = 2147483647;
			files = (
			);
			runOnlyForDeploymentPostprocessing = 0;
		};
		6BA2F6351DCF957800808C31 /* Frameworks */ = {
			isa = PBXFrameworksBuildPhase;
			buildActionMask = 2147483647;
			files = (
			);
			runOnlyForDeploymentPostprocessing = 0;
		};
/* End PBXFrameworksBuildPhase section */

/* Begin PBXGroup section */
		6BA2F6101DCF957700808C31 = {
			isa = PBXGroup;
			children = (
				6BA2F61B1DCF957700808C31 /* BoutTimeGame */,
				6BA2F6301DCF957800808C31 /* BoutTimeGameTests */,
				6BA2F63B1DCF957800808C31 /* BoutTimeGameUITests */,
				6BA2F61A1DCF957700808C31 /* Products */,
			);
			sourceTree = "<group>";
		};
		6BA2F61A1DCF957700808C31 /* Products */ = {
			isa = PBXGroup;
			children = (
				6BA2F6191DCF957700808C31 /* BoutTimeGame.app */,
				6BA2F62D1DCF957800808C31 /* BoutTimeGameTests.xctest */,
				6BA2F6381DCF957800808C31 /* BoutTimeGameUITests.xctest */,
			);
			name = Products;
			sourceTree = "<group>";
		};
		6BA2F61B1DCF957700808C31 /* BoutTimeGame */ = {
			isa = PBXGroup;
			children = (
				6BA2F61C1DCF957700808C31 /* AppDelegate.swift */,
				6BA2F61E1DCF957700808C31 /* ViewController.swift */,
				6BA2F6521DD032E800808C31 /* WebViewController.swift */,
				6BA2F6541DD035B300808C31 /* ScoreViewController.swift */,
				6BA2F6201DCF957700808C31 /* Main.storyboard */,
				6BA2F6231DCF957700808C31 /* Assets.xcassets */,
				6BA2F6251DCF957800808C31 /* LaunchScreen.storyboard */,
				6BA2F6281DCF957800808C31 /* Info.plist */,
				6BA2F6561DD3C29A00808C31 /* HistoricalEvents.plist */,
				6BA2F64A1DD019ED00808C31 /* BoutTimeModel.swift */,
				6BA2F64C1DD01A1E00808C31 /* HistoricalEvent.swift */,
				6BA2F65B1DD4D52A00808C31 /* Resources */,
				6BA2F65A1DD4D26800808C31 /* HomeGrownBits */,
			);
			path = BoutTimeGame;
			sourceTree = "<group>";
		};
		6BA2F6301DCF957800808C31 /* BoutTimeGameTests */ = {
			isa = PBXGroup;
			children = (
				6BA2F6311DCF957800808C31 /* BoutTimeGameTests.swift */,
				6BA2F6331DCF957800808C31 /* Info.plist */,
			);
			path = BoutTimeGameTests;
			sourceTree = "<group>";
		};
		6BA2F63B1DCF957800808C31 /* BoutTimeGameUITests */ = {
			isa = PBXGroup;
			children = (
				6BA2F63C1DCF957800808C31 /* BoutTimeGameUITests.swift */,
				6BA2F63E1DCF957800808C31 /* Info.plist */,
			);
			path = BoutTimeGameUITests;
			sourceTree = "<group>";
		};
		6BA2F65A1DD4D26800808C31 /* HomeGrownBits */ = {
			isa = PBXGroup;
			children = (
				6BA2F6501DD0233800808C31 /* TMRGBA.swift */,
				6BA2F6581DD4CFFB00808C31 /* DictionaryEncodableDecodable.swift */,
				6BA2F64E1DD01A5600808C31 /* ArrayExtensions.swift */,
				6BA2F6641DD4FFA900808C31 /* TimerHelper.swift */,
			);
			name = HomeGrownBits;
			sourceTree = "<group>";
		};
		6BA2F65B1DD4D52A00808C31 /* Resources */ = {
			isa = PBXGroup;
			children = (
				6BA2F65C1DD4D54300808C31 /* Correct.wav */,
				6BA2F65D1DD4D54300808C31 /* Incorrect.wav */,
				6BA2F65E1DD4D54300808C31 /* GameSound.wav */,
				6BA2F65F1DD4D54300808C31 /* QuizOver.wav */,
			);
			name = Resources;
			sourceTree = "<group>";
		};
/* End PBXGroup section */

/* Begin PBXNativeTarget section */
		6BA2F6181DCF957700808C31 /* BoutTimeGame */ = {
			isa = PBXNativeTarget;
			buildConfigurationList = 6BA2F6411DCF957800808C31 /* Build configuration list for PBXNativeTarget "BoutTimeGame" */;
			buildPhases = (
				6BA2F6151DCF957700808C31 /* Sources */,
				6BA2F6161DCF957700808C31 /* Frameworks */,
				6BA2F6171DCF957700808C31 /* Resources */,
			);
			buildRules = (
			);
			dependencies = (
			);
			name = BoutTimeGame;
			productName = BoutTimeGame;
			productReference = 6BA2F6191DCF957700808C31 /* BoutTimeGame.app */;
			productType = "com.apple.product-type.application";
		};
		6BA2F62C1DCF957800808C31 /* BoutTimeGameTests */ = {
			isa = PBXNativeTarget;
			buildConfigurationList = 6BA2F6441DCF957800808C31 /* Build configuration list for PBXNativeTarget "BoutTimeGameTests" */;
			buildPhases = (
				6BA2F6291DCF957800808C31 /* Sources */,
				6BA2F62A1DCF957800808C31 /* Frameworks */,
				6BA2F62B1DCF957800808C31 /* Resources */,
			);
			buildRules = (
			);
			dependencies = (
				6BA2F62F1DCF957800808C31 /* PBXTargetDependency */,
			);
			name = BoutTimeGameTests;
			productName = BoutTimeGameTests;
			productReference = 6BA2F62D1DCF957800808C31 /* BoutTimeGameTests.xctest */;
			productType = "com.apple.product-type.bundle.unit-test";
		};
		6BA2F6371DCF957800808C31 /* BoutTimeGameUITests */ = {
			isa = PBXNativeTarget;
			buildConfigurationList = 6BA2F6471DCF957800808C31 /* Build configuration list for PBXNativeTarget "BoutTimeGameUITests" */;
			buildPhases = (
				6BA2F6341DCF957800808C31 /* Sources */,
				6BA2F6351DCF957800808C31 /* Frameworks */,
				6BA2F6361DCF957800808C31 /* Resources */,
			);
			buildRules = (
			);
			dependencies = (
				6BA2F63A1DCF957800808C31 /* PBXTargetDependency */,
			);
			name = BoutTimeGameUITests;
			productName = BoutTimeGameUITests;
			productReference = 6BA2F6381DCF957800808C31 /* BoutTimeGameUITests.xctest */;
			productType = "com.apple.product-type.bundle.ui-testing";
		};
/* End PBXNativeTarget section */

/* Begin PBXProject section */
		6BA2F6111DCF957700808C31 /* Project object */ = {
			isa = PBXProject;
			attributes = {
				LastSwiftUpdateCheck = 0800;
				LastUpgradeCheck = 0800;
				ORGANIZATIONNAME = redBred;
				TargetAttributes = {
					6BA2F6181DCF957700808C31 = {
						CreatedOnToolsVersion = 8.0;
						DevelopmentTeam = 646297YD5V;
						ProvisioningStyle = Automatic;
					};
					6BA2F62C1DCF957800808C31 = {
						CreatedOnToolsVersion = 8.0;
						DevelopmentTeam = 646297YD5V;
						ProvisioningStyle = Automatic;
						TestTargetID = 6BA2F6181DCF957700808C31;
					};
					6BA2F6371DCF957800808C31 = {
						CreatedOnToolsVersion = 8.0;
						DevelopmentTeam = 646297YD5V;
						ProvisioningStyle = Automatic;
						TestTargetID = 6BA2F6181DCF957700808C31;
					};
				};
			};
			buildConfigurationList = 6BA2F6141DCF957700808C31 /* Build configuration list for PBXProject "BoutTimeGame" */;
			compatibilityVersion = "Xcode 3.2";
			developmentRegion = English;
			hasScannedForEncodings = 0;
			knownRegions = (
				en,
				Base,
			);
			mainGroup = 6BA2F6101DCF957700808C31;
			productRefGroup = 6BA2F61A1DCF957700808C31 /* Products */;
			projectDirPath = "";
			projectRoot = "";
			targets = (
				6BA2F6181DCF957700808C31 /* BoutTimeGame */,
				6BA2F62C1DCF957800808C31 /* BoutTimeGameTests */,
				6BA2F6371DCF957800808C31 /* BoutTimeGameUITests */,
			);
		};
/* End PBXProject section */

/* Begin PBXResourcesBuildPhase section */
		6BA2F6171DCF957700808C31 /* Resources */ = {
			isa = PBXResourcesBuildPhase;
			buildActionMask = 2147483647;
			files = (
				6BA2F6611DD4D54300808C31 /* Incorrect.wav in Resources */,
				6BA2F6621DD4D54300808C31 /* GameSound.wav in Resources */,
				6BA2F6271DCF957800808C31 /* LaunchScreen.storyboard in Resources */,
				6BA2F6241DCF957700808C31 /* Assets.xcassets in Resources */,
				6BA2F6221DCF957700808C31 /* Main.storyboard in Resources */,
				6BA2F6631DD4D54300808C31 /* QuizOver.wav in Resources */,
				6BA2F6601DD4D54300808C31 /* Correct.wav in Resources */,
				6BA2F6571DD3C29A00808C31 /* HistoricalEvents.plist in Resources */,
			);
			runOnlyForDeploymentPostprocessing = 0;
		};
		6BA2F62B1DCF957800808C31 /* Resources */ = {
			isa = PBXResourcesBuildPhase;
			buildActionMask = 2147483647;
			files = (
			);
			runOnlyForDeploymentPostprocessing = 0;
		};
		6BA2F6361DCF957800808C31 /* Resources */ = {
			isa = PBXResourcesBuildPhase;
			buildActionMask = 2147483647;
			files = (
			);
			runOnlyForDeploymentPostprocessing = 0;
		};
/* End PBXResourcesBuildPhase section */

/* Begin PBXSourcesBuildPhase section */
		6BA2F6151DCF957700808C31 /* Sources */ = {
			isa = PBXSourcesBuildPhase;
			buildActionMask = 2147483647;
			files = (
				6BA2F6511DD0233800808C31 /* TMRGBA.swift in Sources */,
				6BA2F6651DD4FFA900808C31 /* TimerHelper.swift in Sources */,
				6BA2F64D1DD01A1E00808C31 /* HistoricalEvent.swift in Sources */,
				6BA2F64F1DD01A5600808C31 /* ArrayExtensions.swift in Sources */,
				6BA2F61F1DCF957700808C31 /* ViewController.swift in Sources */,
				6BA2F6531DD032E800808C31 /* WebViewController.swift in Sources */,
				6BA2F61D1DCF957700808C31 /* AppDelegate.swift in Sources */,
				6BA2F64B1DD019ED00808C31 /* BoutTimeModel.swift in Sources */,
				6BA2F6551DD035B300808C31 /* ScoreViewController.swift in Sources */,
				6BA2F6591DD4CFFB00808C31 /* DictionaryEncodableDecodable.swift in Sources */,
			);
			runOnlyForDeploymentPostprocessing = 0;
		};
		6BA2F6291DCF957800808C31 /* Sources */ = {
			isa = PBXSourcesBuildPhase;
			buildActionMask = 2147483647;
			files = (
				6BA2F6321DCF957800808C31 /* BoutTimeGameTests.swift in Sources */,
			);
			runOnlyForDeploymentPostprocessing = 0;
		};
		6BA2F6341DCF957800808C31 /* Sources */ = {
			isa = PBXSourcesBuildPhase;
			buildActionMask = 2147483647;
			files = (
				6BA2F63D1DCF957800808C31 /* BoutTimeGameUITests.swift in Sources */,
			);
			runOnlyForDeploymentPostprocessing = 0;
		};
/* End PBXSourcesBuildPhase section */

/* Begin PBXTargetDependency section */
		6BA2F62F1DCF957800808C31 /* PBXTargetDependency */ = {
			isa = PBXTargetDependency;
			target = 6BA2F6181DCF957700808C31 /* BoutTimeGame */;
			targetProxy = 6BA2F62E1DCF957800808C31 /* PBXContainerItemProxy */;
		};
		6BA2F63A1DCF957800808C31 /* PBXTargetDependency */ = {
			isa = PBXTargetDependency;
			target = 6BA2F6181DCF957700808C31 /* BoutTimeGame */;
			targetProxy = 6BA2F6391DCF957800808C31 /* PBXContainerItemProxy */;
		};
/* End PBXTargetDependency section */

/* Begin PBXVariantGroup section */
		6BA2F6201DCF957700808C31 /* Main.storyboard */ = {
			isa = PBXVariantGroup;
			children = (
				6BA2F6211DCF957700808C31 /* Base */,
			);
			name = Main.storyboard;
			sourceTree = "<group>";
		};
		6BA2F6251DCF957800808C31 /* LaunchScreen.storyboard */ = {
			isa = PBXVariantGroup;
			children = (
				6BA2F6261DCF957800808C31 /* Base */,
			);
			name = LaunchScreen.storyboard;
			sourceTree = "<group>";
		};
/* End PBXVariantGroup section */

/* Begin XCBuildConfiguration section */
		6BA2F63F1DCF957800808C31 /* Debug */ = {
			isa = XCBuildConfiguration;
			buildSettings = {
				ALWAYS_SEARCH_USER_PATHS = NO;
				CLANG_ANALYZER_NONNULL = YES;
				CLANG_CXX_LANGUAGE_STANDARD = "gnu++0x";
				CLANG_CXX_LIBRARY = "libc++";
				CLANG_ENABLE_MODULES = YES;
				CLANG_ENABLE_OBJC_ARC = YES;
				CLANG_WARN_BOOL_CONVERSION = YES;
				CLANG_WARN_CONSTANT_CONVERSION = YES;
				CLANG_WARN_DIRECT_OBJC_ISA_USAGE = YES_ERROR;
				CLANG_WARN_DOCUMENTATION_COMMENTS = YES;
				CLANG_WARN_EMPTY_BODY = YES;
				CLANG_WARN_ENUM_CONVERSION = YES;
				CLANG_WARN_INFINITE_RECURSION = YES;
				CLANG_WARN_INT_CONVERSION = YES;
				CLANG_WARN_OBJC_ROOT_CLASS = YES_ERROR;
				CLANG_WARN_SUSPICIOUS_MOVES = YES;
				CLANG_WARN_UNREACHABLE_CODE = YES;
				CLANG_WARN__DUPLICATE_METHOD_MATCH = YES;
				"CODE_SIGN_IDENTITY[sdk=iphoneos*]" = "iPhone Developer";
				COPY_PHASE_STRIP = NO;
				DEBUG_INFORMATION_FORMAT = dwarf;
				ENABLE_STRICT_OBJC_MSGSEND = YES;
				ENABLE_TESTABILITY = YES;
				GCC_C_LANGUAGE_STANDARD = gnu99;
				GCC_DYNAMIC_NO_PIC = NO;
				GCC_NO_COMMON_BLOCKS = YES;
				GCC_OPTIMIZATION_LEVEL = 0;
				GCC_PREPROCESSOR_DEFINITIONS = (
					"DEBUG=1",
					"$(inherited)",
				);
				GCC_WARN_64_TO_32_BIT_CONVERSION = YES;
				GCC_WARN_ABOUT_RETURN_TYPE = YES_ERROR;
				GCC_WARN_UNDECLARED_SELECTOR = YES;
				GCC_WARN_UNINITIALIZED_AUTOS = YES_AGGRESSIVE;
				GCC_WARN_UNUSED_FUNCTION = YES;
				GCC_WARN_UNUSED_VARIABLE = YES;
				IPHONEOS_DEPLOYMENT_TARGET = 10.0;
				MTL_ENABLE_DEBUG_INFO = YES;
				ONLY_ACTIVE_ARCH = YES;
				SDKROOT = iphoneos;
				SWIFT_ACTIVE_COMPILATION_CONDITIONS = DEBUG;
				SWIFT_OPTIMIZATION_LEVEL = "-Onone";
				TARGETED_DEVICE_FAMILY = "1,2";
			};
			name = Debug;
		};
		6BA2F6401DCF957800808C31 /* Release */ = {
			isa = XCBuildConfiguration;
			buildSettings = {
				ALWAYS_SEARCH_USER_PATHS = NO;
				CLANG_ANALYZER_NONNULL = YES;
				CLANG_CXX_LANGUAGE_STANDARD = "gnu++0x";
				CLANG_CXX_LIBRARY = "libc++";
				CLANG_ENABLE_MODULES = YES;
				CLANG_ENABLE_OBJC_ARC = YES;
				CLANG_WARN_BOOL_CONVERSION = YES;
				CLANG_WARN_CONSTANT_CONVERSION = YES;
				CLANG_WARN_DIRECT_OBJC_ISA_USAGE = YES_ERROR;
				CLANG_WARN_DOCUMENTATION_COMMENTS = YES;
				CLANG_WARN_EMPTY_BODY = YES;
				CLANG_WARN_ENUM_CONVERSION = YES;
				CLANG_WARN_INFINITE_RECURSION = YES;
				CLANG_WARN_INT_CONVERSION = YES;
				CLANG_WARN_OBJC_ROOT_CLASS = YES_ERROR;
				CLANG_WARN_SUSPICIOUS_MOVES = YES;
				CLANG_WARN_UNREACHABLE_CODE = YES;
				CLANG_WARN__DUPLICATE_METHOD_MATCH = YES;
				"CODE_SIGN_IDENTITY[sdk=iphoneos*]" = "iPhone Developer";
				COPY_PHASE_STRIP = NO;
				DEBUG_INFORMATION_FORMAT = "dwarf-with-dsym";
				ENABLE_NS_ASSERTIONS = NO;
				ENABLE_STRICT_OBJC_MSGSEND = YES;
				GCC_C_LANGUAGE_STANDARD = gnu99;
				GCC_NO_COMMON_BLOCKS = YES;
				GCC_WARN_64_TO_32_BIT_CONVERSION = YES;
				GCC_WARN_ABOUT_RETURN_TYPE = YES_ERROR;
				GCC_WARN_UNDECLARED_SELECTOR = YES;
				GCC_WARN_UNINITIALIZED_AUTOS = YES_AGGRESSIVE;
				GCC_WARN_UNUSED_FUNCTION = YES;
				GCC_WARN_UNUSED_VARIABLE = YES;
				IPHONEOS_DEPLOYMENT_TARGET = 10.0;
				MTL_ENABLE_DEBUG_INFO = NO;
				SDKROOT = iphoneos;
				SWIFT_OPTIMIZATION_LEVEL = "-Owholemodule";
				TARGETED_DEVICE_FAMILY = "1,2";
				VALIDATE_PRODUCT = YES;
			};
			name = Release;
		};
		6BA2F6421DCF957800808C31 /* Debug */ = {
			isa = XCBuildConfiguration;
			buildSettings = {
				ASSETCATALOG_COMPILER_APPICON_NAME = AppIcon;
				DEVELOPMENT_TEAM = 646297YD5V;
				INFOPLIST_FILE = BoutTimeGame/Info.plist;
				LD_RUNPATH_SEARCH_PATHS = "$(inherited) @executable_path/Frameworks";
				PRODUCT_BUNDLE_IDENTIFIER = com.redBred.BoutTimeGame;
				PRODUCT_NAME = "$(TARGET_NAME)";
				SWIFT_VERSION = 3.0;
			};
			name = Debug;
		};
		6BA2F6431DCF957800808C31 /* Release */ = {
			isa = XCBuildConfiguration;
			buildSettings = {
				ASSETCATALOG_COMPILER_APPICON_NAME = AppIcon;
				DEVELOPMENT_TEAM = 646297YD5V;
				INFOPLIST_FILE = BoutTimeGame/Info.plist;
				LD_RUNPATH_SEARCH_PATHS = "$(inherited) @executable_path/Frameworks";
				PRODUCT_BUNDLE_IDENTIFIER = com.redBred.BoutTimeGame;
				PRODUCT_NAME = "$(TARGET_NAME)";
				SWIFT_VERSION = 3.0;
			};
			name = Release;
		};
		6BA2F6451DCF957800808C31 /* Debug */ = {
			isa = XCBuildConfiguration;
			buildSettings = {
				ALWAYS_EMBED_SWIFT_STANDARD_LIBRARIES = YES;
				BUNDLE_LOADER = "$(TEST_HOST)";
				DEVELOPMENT_TEAM = 646297YD5V;
				INFOPLIST_FILE = BoutTimeGameTests/Info.plist;
				LD_RUNPATH_SEARCH_PATHS = "$(inherited) @executable_path/Frameworks @loader_path/Frameworks";
				PRODUCT_BUNDLE_IDENTIFIER = com.redBred.BoutTimeGameTests;
				PRODUCT_NAME = "$(TARGET_NAME)";
				SWIFT_VERSION = 3.0;
				TEST_HOST = "$(BUILT_PRODUCTS_DIR)/BoutTimeGame.app/BoutTimeGame";
			};
			name = Debug;
		};
		6BA2F6461DCF957800808C31 /* Release */ = {
			isa = XCBuildConfiguration;
			buildSettings = {
				ALWAYS_EMBED_SWIFT_STANDARD_LIBRARIES = YES;
				BUNDLE_LOADER = "$(TEST_HOST)";
				DEVELOPMENT_TEAM = 646297YD5V;
				INFOPLIST_FILE = BoutTimeGameTests/Info.plist;
				LD_RUNPATH_SEARCH_PATHS = "$(inherited) @executable_path/Frameworks @loader_path/Frameworks";
				PRODUCT_BUNDLE_IDENTIFIER = com.redBred.BoutTimeGameTests;
				PRODUCT_NAME = "$(TARGET_NAME)";
				SWIFT_VERSION = 3.0;
				TEST_HOST = "$(BUILT_PRODUCTS_DIR)/BoutTimeGame.app/BoutTimeGame";
			};
			name = Release;
		};
		6BA2F6481DCF957800808C31 /* Debug */ = {
			isa = XCBuildConfiguration;
			buildSettings = {
				ALWAYS_EMBED_SWIFT_STANDARD_LIBRARIES = YES;
				DEVELOPMENT_TEAM = 646297YD5V;
				INFOPLIST_FILE = BoutTimeGameUITests/Info.plist;
				LD_RUNPATH_SEARCH_PATHS = "$(inherited) @executable_path/Frameworks @loader_path/Frameworks";
				PRODUCT_BUNDLE_IDENTIFIER = com.redBred.BoutTimeGameUITests;
				PRODUCT_NAME = "$(TARGET_NAME)";
				SWIFT_VERSION = 3.0;
				TEST_TARGET_NAME = BoutTimeGame;
			};
			name = Debug;
		};
		6BA2F6491DCF957800808C31 /* Release */ = {
			isa = XCBuildConfiguration;
			buildSettings = {
				ALWAYS_EMBED_SWIFT_STANDARD_LIBRARIES = YES;
				DEVELOPMENT_TEAM = 646297YD5V;
				INFOPLIST_FILE = BoutTimeGameUITests/Info.plist;
				LD_RUNPATH_SEARCH_PATHS = "$(inherited) @executable_path/Frameworks @loader_path/Frameworks";
				PRODUCT_BUNDLE_IDENTIFIER = com.redBred.BoutTimeGameUITests;
				PRODUCT_NAME = "$(TARGET_NAME)";
				SWIFT_VERSION = 3.0;
				TEST_TARGET_NAME = BoutTimeGame;
			};
			name = Release;
		};
/* End XCBuildConfiguration section */

/* Begin XCConfigurationList section */
		6BA2F6141DCF957700808C31 /* Build configuration list for PBXProject "BoutTimeGame" */ = {
			isa = XCConfigurationList;
			buildConfigurations = (
				6BA2F63F1DCF957800808C31 /* Debug */,
				6BA2F6401DCF957800808C31 /* Release */,
			);
			defaultConfigurationIsVisible = 0;
			defaultConfigurationName = Release;
		};
		6BA2F6411DCF957800808C31 /* Build configuration list for PBXNativeTarget "BoutTimeGame" */ = {
			isa = XCConfigurationList;
			buildConfigurations = (
				6BA2F6421DCF957800808C31 /* Debug */,
				6BA2F6431DCF957800808C31 /* Release */,
			);
			defaultConfigurationIsVisible = 0;
		};
		6BA2F6441DCF957800808C31 /* Build configuration list for PBXNativeTarget "BoutTimeGameTests" */ = {
			isa = XCConfigurationList;
			buildConfigurations = (
				6BA2F6451DCF957800808C31 /* Debug */,
				6BA2F6461DCF957800808C31 /* Release */,
			);
			defaultConfigurationIsVisible = 0;
		};
		6BA2F6471DCF957800808C31 /* Build configuration list for PBXNativeTarget "BoutTimeGameUITests" */ = {
			isa = XCConfigurationList;
			buildConfigurations = (
				6BA2F6481DCF957800808C31 /* Debug */,
				6BA2F6491DCF957800808C31 /* Release */,
			);
			defaultConfigurationIsVisible = 0;
		};
/* End XCConfigurationList section */
	};
	rootObject = 6BA2F6111DCF957700808C31 /* Project object */;
}
